{
    "_readme": [
        "This file locks the dependencies of your project to a known state",
        "Read more about it at https://getcomposer.org/doc/01-basic-usage.md#composer-lock-the-lock-file",
        "This file is @generated automatically"
    ],
    "content-hash": "b53b1846d748356a0304ff9bbc1e736f",
    "packages": [
        {
            "name": "renegat59/glicerine-local",
            "version": "0.0.1@dev",
            "dist": {
                "type": "path",
                "url": "../glicerine",
                "reference": "56eaedfc86c72c37c0d78ffb767bcd916f979aa5",
                "shasum": null
            },
            "require": {
                "php": ">=7.0.0"
            },
            "require-dev": {
                "phpunit/phpunit": "^6.3"
            },
            "bin": [
                "bin/glicerine-gen"
            ],
            "type": "library",
            "autoload": {
                "psr-4": {
                    "Glicerine\\": "src",
                    "Glicerine\\tests\\": "tests"
                }
            },
            "scripts": {
                "test": [
                    "./vendor/bin/phpunit -c phpunit.xml"
                ]
            },
            "license": [
                "mit"
            ],
            "authors": [
                {
                    "name": "Mateusz P",
                    "email": "bananq@gmail.com"
                }
            ],
            "description": "Glicerine is a simple CLI library for PHP"
        }
    ],
    "packages-dev": [],
    "aliases": [],
    "minimum-stability": "dev",
    "stability-flags": [],
    "prefer-stable": false,
    "prefer-lowest": false,
    "platform": [],
    "platform-dev": []
}
